
Microsoft Visual Studio Solution File, Format Version 12.00
# Visual Studio Version 16
VisualStudioVersion = 16.0.31105.61
MinimumVisualStudioVersion = 10.0.40219.1
Project("{9A19103F-16F7-4668-BE54-9A1E7A4F7556}") = "CopyNewer.WinForms", "CopyNewer.WinForms.csproj", "{D79100DB-F967-4761-B0BB-755B739219C9}"
EndProject
Global
	GlobalSection(SolutionConfigurationPlatforms) = preSolution
		Debug|Any CPU = Debug|Any CPU
		Release|Any CPU = Release|Any CPU
	EndGlobalSection
	GlobalSection(ProjectConfigurationPlatforms) = postSolution
		{D79100DB-F967-4761-B0BB-755B739219C9}.Debug|Any CPU.ActiveCfg = Debug|Any CPU
		{D79100DB-F967-4761-B0BB-755B739219C9}.Debug|Any CPU.Build.0 = Debug|Any CPU
		{D79100DB-F967-4761-B0BB-755B739219C9}.Release|Any CPU.ActiveCfg = Release|Any CPU
		{D79100DB-F967-4761-B0BB-755B739219C9}.Release|Any CPU.Build.0 = Release|Any CPU
	EndGlobalSection
	GlobalSection(SolutionProperties) = preSolution
		HideSolutionNode = FALSE
	EndGlobalSection
	GlobalSection(ExtensibilityGlobals) = postSolution
		SolutionGuid = {C4D0B969-D718-43BC-B22F-A4801980B525}
	EndGlobalSection
EndGlobal
